// !$*UTF8*$!
{
	archiveVersion = 1;
	classes = {
	};
	objectVersion = 50;
	objects = {

/* Begin PBXBuildFile section */
		FE70128D20C6127200115C33 /* AppDelegate.swift in Sources */ = {isa = PBXBuildFile; fileRef = FE70128C20C6127200115C33 /* AppDelegate.swift */; };
		FE70128F20C6127200115C33 /* ViewController.swift in Sources */ = {isa = PBXBuildFile; fileRef = FE70128E20C6127200115C33 /* ViewController.swift */; };
		FE70129220C6127200115C33 /* Main.storyboard in Resources */ = {isa = PBXBuildFile; fileRef = FE70129020C6127200115C33 /* Main.storyboard */; };
		FE70129420C6127400115C33 /* Assets.xcassets in Resources */ = {isa = PBXBuildFile; fileRef = FE70129320C6127400115C33 /* Assets.xcassets */; };
		FE70129720C6127400115C33 /* LaunchScreen.storyboard in Resources */ = {isa = PBXBuildFile; fileRef = FE70129520C6127400115C33 /* LaunchScreen.storyboard */; };
		FE7012A220C6127400115C33 /* HelloTests.swift in Sources */ = {isa = PBXBuildFile; fileRef = FE7012A120C6127400115C33 /* HelloTests.swift */; };
		FE7012AD20C6127400115C33 /* HelloUITests.swift in Sources */ = {isa = PBXBuildFile; fileRef = FE7012AC20C6127400115C33 /* HelloUITests.swift */; };
/* End PBXBuildFile section */

/* Begin PBXContainerItemProxy section */
		FE70129E20C6127400115C33 /* PBXContainerItemProxy */ = {
			isa = PBXContainerItemProxy;
			containerPortal = FE70128120C6127200115C33 /* Project object */;
			proxyType = 1;
			remoteGlobalIDString = FE70128820C6127200115C33;
			remoteInfo = Hello;
		};
		FE7012A920C6127400115C33 /* PBXContainerItemProxy */ = {
			isa = PBXContainerItemProxy;
			containerPortal = FE70128120C6127200115C33 /* Project object */;
			proxyType = 1;
			remoteGlobalIDString = FE70128820C6127200115C33;
			remoteInfo = Hello;
		};
/* End PBXContainerItemProxy section */

/* Begin PBXFileReference section */
		FE70128920C6127200115C33 /* Hello.app */ = {isa = PBXFileReference; explicitFileType = wrapper.application; includeInIndex = 0; path = Hello.app; sourceTree = BUILT_PRODUCTS_DIR; };
		FE70128C20C6127200115C33 /* AppDelegate.swift */ = {isa = PBXFileReference; lastKnownFileType = sourcecode.swift; path = AppDelegate.swift; sourceTree = "<group>"; };
		FE70128E20C6127200115C33 /* ViewController.swift */ = {isa = PBXFileReference; lastKnownFileType = sourcecode.swift; path = ViewController.swift; sourceTree = "<group>"; };
		FE70129120C6127200115C33 /* Base */ = {isa = PBXFileReference; lastKnownFileType = file.storyboard; name = Base; path = Base.lproj/Main.storyboard; sourceTree = "<group>"; };
		FE70129320C6127400115C33 /* Assets.xcassets */ = {isa = PBXFileReference; lastKnownFileType = folder.assetcatalog; path = Assets.xcassets; sourceTree = "<group>"; };
		FE70129620C6127400115C33 /* Base */ = {isa = PBXFileReference; lastKnownFileType = file.storyboard; name = Base; path = Base.lproj/LaunchScreen.storyboard; sourceTree = "<group>"; };
		FE70129820C6127400115C33 /* Info.plist */ = {isa = PBXFileReference; lastKnownFileType = text.plist.xml; path = Info.plist; sourceTree = "<group>"; };
		FE70129D20C6127400115C33 /* HelloTests.xctest */ = {isa = PBXFileReference; explicitFileType = wrapper.cfbundle; includeInIndex = 0; path = HelloTests.xctest; sourceTree = BUILT_PRODUCTS_DIR; };
		FE7012A120C6127400115C33 /* HelloTests.swift */ = {isa = PBXFileReference; lastKnownFileType = sourcecode.swift; path = HelloTests.swift; sourceTree = "<group>"; };
		FE7012A320C6127400115C33 /* Info.plist */ = {isa = PBXFileReference; lastKnownFileType = text.plist.xml; path = Info.plist; sourceTree = "<group>"; };
		FE7012A820C6127400115C33 /* HelloUITests.xctest */ = {isa = PBXFileReference; explicitFileType = wrapper.cfbundle; includeInIndex = 0; path = HelloUITests.xctest; sourceTree = BUILT_PRODUCTS_DIR; };
		FE7012AC20C6127400115C33 /* HelloUITests.swift */ = {isa = PBXFileReference; lastKnownFileType = sourcecode.swift; path = HelloUITests.swift; sourceTree = "<group>"; };
		FE7012AE20C6127400115C33 /* Info.plist */ = {isa = PBXFileReference; lastKnownFileType = text.plist.xml; path = Info.plist; sourceTree = "<group>"; };
/* End PBXFileReference section */

/* Begin PBXFrameworksBuildPhase section */
		FE70128620C6127200115C33 /* Frameworks */ = {
			isa = PBXFrameworksBuildPhase;
			buildActionMask = 2147483647;
			files = (
			);
			runOnlyForDeploymentPostprocessing = 0;
		};
		FE70129A20C6127400115C33 /* Frameworks */ = {
			isa = PBXFrameworksBuildPhase;
			buildActionMask = 2147483647;
			files = (
			);
			runOnlyForDeploymentPostprocessing = 0;
		};
		FE7012A520C6127400115C33 /* Frameworks */ = {
			isa = PBXFrameworksBuildPhase;
			buildActionMask = 2147483647;
			files = (
			);
			runOnlyForDeploymentPostprocessing = 0;
		};
/* End PBXFrameworksBuildPhase section */

/* Begin PBXGroup section */
		FE70128020C6127200115C33 = {
			isa = PBXGroup;
			children = (
				FE70128B20C6127200115C33 /* Hello */,
				FE7012A020C6127400115C33 /* HelloTests */,
				FE7012AB20C6127400115C33 /* HelloUITests */,
				FE70128A20C6127200115C33 /* Products */,
			);
			sourceTree = "<group>";
		};
		FE70128A20C6127200115C33 /* Products */ = {
			isa = PBXGroup;
			children = (
				FE70128920C6127200115C33 /* Hello.app */,
				FE70129D20C6127400115C33 /* HelloTests.xctest */,
				FE7012A820C6127400115C33 /* HelloUITests.xctest */,
			);
			name = Products;
			sourceTree = "<group>";
		};
		FE70128B20C6127200115C33 /* Hello */ = {
			isa = PBXGroup;
			children = (
				FE70128C20C6127200115C33 /* AppDelegate.swift */,
				FE70128E20C6127200115C33 /* ViewController.swift */,
				FE70129020C6127200115C33 /* Main.storyboard */,
				FE70129320C6127400115C33 /* Assets.xcassets */,
				FE70129520C6127400115C33 /* LaunchScreen.storyboard */,
				FE70129820C6127400115C33 /* Info.plist */,
			);
			path = Hello;
			sourceTree = "<group>";
		};
		FE7012A020C6127400115C33 /* HelloTests */ = {
			isa = PBXGroup;
			children = (
				FE7012A120C6127400115C33 /* HelloTests.swift */,
				FE7012A320C6127400115C33 /* Info.plist */,
			);
			path = HelloTests;
			sourceTree = "<group>";
		};
		FE7012AB20C6127400115C33 /* HelloUITests */ = {
			isa = PBXGroup;
			children = (
				FE7012AC20C6127400115C33 /* HelloUITests.swift */,
				FE7012AE20C6127400115C33 /* Info.plist */,
			);
			path = HelloUITests;
			sourceTree = "<group>";
		};
/* End PBXGroup section */

/* Begin PBXNativeTarget section */
		FE70128820C6127200115C33 /* Hello */ = {
			isa = PBXNativeTarget;
			buildConfigurationList = FE7012B120C6127400115C33 /* Build configuration list for PBXNativeTarget "Hello" */;
			buildPhases = (
				FE70128520C6127200115C33 /* Sources */,
				FE70128620C6127200115C33 /* Frameworks */,
				FE70128720C6127200115C33 /* Resources */,
			);
			buildRules = (
			);
			dependencies = (
			);
			name = Hello;
			productName = Hello;
			productReference = FE70128920C6127200115C33 /* Hello.app */;
			productType = "com.apple.product-type.application";
		};
		FE70129C20C6127400115C33 /* HelloTests */ = {
			isa = PBXNativeTarget;
			buildConfigurationList = FE7012B420C6127400115C33 /* Build configuration list for PBXNativeTarget "HelloTests" */;
			buildPhases = (
				FE70129920C6127400115C33 /* Sources */,
				FE70129A20C6127400115C33 /* Frameworks */,
				FE70129B20C6127400115C33 /* Resources */,
			);
			buildRules = (
			);
			dependencies = (
				FE70129F20C6127400115C33 /* PBXTargetDependency */,
			);
			name = HelloTests;
			productName = HelloTests;
			productReference = FE70129D20C6127400115C33 /* HelloTests.xctest */;
			productType = "com.apple.product-type.bundle.unit-test";
		};
		FE7012A720C6127400115C33 /* HelloUITests */ = {
			isa = PBXNativeTarget;
			buildConfigurationList = FE7012B720C6127400115C33 /* Build configuration list for PBXNativeTarget "HelloUITests" */;
			buildPhases = (
				FE7012A420C6127400115C33 /* Sources */,
				FE7012A520C6127400115C33 /* Frameworks */,
				FE7012A620C6127400115C33 /* Resources */,
			);
			buildRules = (
			);
			dependencies = (
				FE7012AA20C6127400115C33 /* PBXTargetDependency */,
			);
			name = HelloUITests;
			productName = HelloUITests;
			productReference = FE7012A820C6127400115C33 /* HelloUITests.xctest */;
			productType = "com.apple.product-type.bundle.ui-testing";
		};
/* End PBXNativeTarget section */

/* Begin PBXProject section */
		FE70128120C6127200115C33 /* Project object */ = {
			isa = PBXProject;
			attributes = {
				LastSwiftUpdateCheck = 0940;
				LastUpgradeCheck = 0940;
				ORGANIZATIONNAME = "Ethan Schutzenhofer";
				TargetAttributes = {
					FE70128820C6127200115C33 = {
						CreatedOnToolsVersion = 9.4;
					};
					FE70129C20C6127400115C33 = {
						CreatedOnToolsVersion = 9.4;
						TestTargetID = FE70128820C6127200115C33;
					};
					FE7012A720C6127400115C33 = {
						CreatedOnToolsVersion = 9.4;
						TestTargetID = FE70128820C6127200115C33;
					};
				};
			};
			buildConfigurationList = FE70128420C6127200115C33 /* Build configuration list for PBXProject "Hello" */;
			compatibilityVersion = "Xcode 9.3";
			developmentRegion = en;
			hasScannedForEncodings = 0;
			knownRegions = (
				en,
				Base,
			);
			mainGroup = FE70128020C6127200115C33;
			productRefGroup = FE70128A20C6127200115C33 /* Products */;
			projectDirPath = "";
			projectRoot = "";
			targets = (
				FE70128820C6127200115C33 /* Hello */,
				FE70129C20C6127400115C33 /* HelloTests */,
				FE7012A720C6127400115C33 /* HelloUITests */,
			);
		};
/* End PBXProject section */

/* Begin PBXResourcesBuildPhase section */
		FE70128720C6127200115C33 /* Resources */ = {
			isa = PBXResourcesBuildPhase;
			buildActionMask = 2147483647;
			files = (
				FE70129720C6127400115C33 /* LaunchScreen.storyboard in Resources */,
				FE70129420C6127400115C33 /* Assets.xcassets in Resources */,
				FE70129220C6127200115C33 /* Main.storyboard in Resources */,
			);
			runOnlyForDeploymentPostprocessing = 0;
		};
		FE70129B20C6127400115C33 /* Resources */ = {
			isa = PBXResourcesBuildPhase;
			buildActionMask = 2147483647;
			files = (
			);
			runOnlyForDeploymentPostprocessing = 0;
		};
		FE7012A620C6127400115C33 /* Resources */ = {
			isa = PBXResourcesBuildPhase;
			buildActionMask = 2147483647;
			files = (
			);
			runOnlyForDeploymentPostprocessing = 0;
		};
/* End PBXResourcesBuildPhase section */

/* Begin PBXSourcesBuildPhase section */
		FE70128520C6127200115C33 /* Sources */ = {
			isa = PBXSourcesBuildPhase;
			buildActionMask = 2147483647;
			files = (
				FE70128F20C6127200115C33 /* ViewController.swift in Sources */,
				FE70128D20C6127200115C33 /* AppDelegate.swift in Sources */,
			);
			runOnlyForDeploymentPostprocessing = 0;
		};
		FE70129920C6127400115C33 /* Sources */ = {
			isa = PBXSourcesBuildPhase;
			buildActionMask = 2147483647;
			files = (
				FE7012A220C6127400115C33 /* HelloTests.swift in Sources */,
			);
			runOnlyForDeploymentPostprocessing = 0;
		};
		FE7012A420C6127400115C33 /* Sources */ = {
			isa = PBXSourcesBuildPhase;
			buildActionMask = 2147483647;
			files = (
				FE7012AD20C6127400115C33 /* HelloUITests.swift in Sources */,
			);
			runOnlyForDeploymentPostprocessing = 0;
		};
/* End PBXSourcesBuildPhase section */

/* Begin PBXTargetDependency section */
		FE70129F20C6127400115C33 /* PBXTargetDependency */ = {
			isa = PBXTargetDependency;
			target = FE70128820C6127200115C33 /* Hello */;
			targetProxy = FE70129E20C6127400115C33 /* PBXContainerItemProxy */;
		};
		FE7012AA20C6127400115C33 /* PBXTargetDependency */ = {
			isa = PBXTargetDependency;
			target = FE70128820C6127200115C33 /* Hello */;
			targetProxy = FE7012A920C6127400115C33 /* PBXContainerItemProxy */;
		};
/* End PBXTargetDependency section */

/* Begin PBXVariantGroup section */
		FE70129020C6127200115C33 /* Main.storyboard */ = {
			isa = PBXVariantGroup;
			children = (
				FE70129120C6127200115C33 /* Base */,
			);
			name = Main.storyboard;
			sourceTree = "<group>";
		};
		FE70129520C6127400115C33 /* LaunchScreen.storyboard */ = {
			isa = PBXVariantGroup;
			children = (
				FE70129620C6127400115C33 /* Base */,
			);
			name = LaunchScreen.storyboard;
			sourceTree = "<group>";
		};
/* End PBXVariantGroup section */

/* Begin XCBuildConfiguration section */
		FE7012AF20C6127400115C33 /* Debug */ = {
			isa = XCBuildConfiguration;
			buildSettings = {
				ALWAYS_SEARCH_USER_PATHS = NO;
				CLANG_ANALYZER_NONNULL = YES;
				CLANG_ANALYZER_NUMBER_OBJECT_CONVERSION = YES_AGGRESSIVE;
				CLANG_CXX_LANGUAGE_STANDARD = "gnu++14";
				CLANG_CXX_LIBRARY = "libc++";
				CLANG_ENABLE_MODULES = YES;
				CLANG_ENABLE_OBJC_ARC = YES;
				CLANG_ENABLE_OBJC_WEAK = YES;
				CLANG_WARN_BLOCK_CAPTURE_AUTORELEASING = YES;
				CLANG_WARN_BOOL_CONVERSION = YES;
				CLANG_WARN_COMMA = YES;
				CLANG_WARN_CONSTANT_CONVERSION = YES;
				CLANG_WARN_DEPRECATED_OBJC_IMPLEMENTATIONS = YES;
				CLANG_WARN_DIRECT_OBJC_ISA_USAGE = YES_ERROR;
				CLANG_WARN_DOCUMENTATION_COMMENTS = YES;
				CLANG_WARN_EMPTY_BODY = YES;
				CLANG_WARN_ENUM_CONVERSION = YES;
				CLANG_WARN_INFINITE_RECURSION = YES;
				CLANG_WARN_INT_CONVERSION = YES;
				CLANG_WARN_NON_LITERAL_NULL_CONVERSION = YES;
				CLANG_WARN_OBJC_IMPLICIT_RETAIN_SELF = YES;
				CLANG_WARN_OBJC_LITERAL_CONVERSION = YES;
				CLANG_WARN_OBJC_ROOT_CLASS = YES_ERROR;
				CLANG_WARN_RANGE_LOOP_ANALYSIS = YES;
				CLANG_WARN_STRICT_PROTOTYPES = YES;
				CLANG_WARN_SUSPICIOUS_MOVE = YES;
				CLANG_WARN_UNGUARDED_AVAILABILITY = YES_AGGRESSIVE;
				CLANG_WARN_UNREACHABLE_CODE = YES;
				CLANG_WARN__DUPLICATE_METHOD_MATCH = YES;
				CODE_SIGN_IDENTITY = "iPhone Developer";
				COPY_PHASE_STRIP = NO;
				DEBUG_INFORMATION_FORMAT = dwarf;
				ENABLE_STRICT_OBJC_MSGSEND = YES;
				ENABLE_TESTABILITY = YES;
				GCC_C_LANGUAGE_STANDARD = gnu11;
				GCC_DYNAMIC_NO_PIC = NO;
				GCC_NO_COMMON_BLOCKS = YES;
				GCC_OPTIMIZATION_LEVEL = 0;
				GCC_PREPROCESSOR_DEFINITIONS = (
					"DEBUG=1",
					"$(inherited)",
				);
				GCC_WARN_64_TO_32_BIT_CONVERSION = YES;
				GCC_WARN_ABOUT_RETURN_TYPE = YES_ERROR;
				GCC_WARN_UNDECLARED_SELECTOR = YES;
				GCC_WARN_UNINITIALIZED_AUTOS = YES_AGGRESSIVE;
				GCC_WARN_UNUSED_FUNCTION = YES;
				GCC_WARN_UNUSED_VARIABLE = YES;
				IPHONEOS_DEPLOYMENT_TARGET = 11.4;
				MTL_ENABLE_DEBUG_INFO = YES;
				ONLY_ACTIVE_ARCH = YES;
				SDKROOT = iphoneos;
				SWIFT_ACTIVE_COMPILATION_CONDITIONS = DEBUG;
				SWIFT_OPTIMIZATION_LEVEL = "-Onone";
			};
			name = Debug;
		};
		FE7012B020C6127400115C33 /* Release */ = {
			isa = XCBuildConfiguration;
			buildSettings = {
				ALWAYS_SEARCH_USER_PATHS = NO;
				CLANG_ANALYZER_NONNULL = YES;
				CLANG_ANALYZER_NUMBER_OBJECT_CONVERSION = YES_AGGRESSIVE;
				CLANG_CXX_LANGUAGE_STANDARD = "gnu++14";
				CLANG_CXX_LIBRARY = "libc++";
				CLANG_ENABLE_MODULES = YES;
				CLANG_ENABLE_OBJC_ARC = YES;
				CLANG_ENABLE_OBJC_WEAK = YES;
				CLANG_WARN_BLOCK_CAPTURE_AUTORELEASING = YES;
				CLANG_WARN_BOOL_CONVERSION = YES;
				CLANG_WARN_COMMA = YES;
				CLANG_WARN_CONSTANT_CONVERSION = YES;
				CLANG_WARN_DEPRECATED_OBJC_IMPLEMENTATIONS = YES;
				CLANG_WARN_DIRECT_OBJC_ISA_USAGE = YES_ERROR;
				CLANG_WARN_DOCUMENTATION_COMMENTS = YES;
				CLANG_WARN_EMPTY_BODY = YES;
				CLANG_WARN_ENUM_CONVERSION = YES;
				CLANG_WARN_INFINITE_RECURSION = YES;
				CLANG_WARN_INT_CONVERSION = YES;
				CLANG_WARN_NON_LITERAL_NULL_CONVERSION = YES;
				CLANG_WARN_OBJC_IMPLICIT_RETAIN_SELF = YES;
				CLANG_WARN_OBJC_LITERAL_CONVERSION = YES;
				CLANG_WARN_OBJC_ROOT_CLASS = YES_ERROR;
				CLANG_WARN_RANGE_LOOP_ANALYSIS = YES;
				CLANG_WARN_STRICT_PROTOTYPES = YES;
				CLANG_WARN_SUSPICIOUS_MOVE = YES;
				CLANG_WARN_UNGUARDED_AVAILABILITY = YES_AGGRESSIVE;
				CLANG_WARN_UNREACHABLE_CODE = YES;
				CLANG_WARN__DUPLICATE_METHOD_MATCH = YES;
				CODE_SIGN_IDENTITY = "iPhone Developer";
				COPY_PHASE_STRIP = NO;
				DEBUG_INFORMATION_FORMAT = "dwarf-with-dsym";
				ENABLE_NS_ASSERTIONS = NO;
				ENABLE_STRICT_OBJC_MSGSEND = YES;
				GCC_C_LANGUAGE_STANDARD = gnu11;
				GCC_NO_COMMON_BLOCKS = YES;
				GCC_WARN_64_TO_32_BIT_CONVERSION = YES;
				GCC_WARN_ABOUT_RETURN_TYPE = YES_ERROR;
				GCC_WARN_UNDECLARED_SELECTOR = YES;
				GCC_WARN_UNINITIALIZED_AUTOS = YES_AGGRESSIVE;
				GCC_WARN_UNUSED_FUNCTION = YES;
				GCC_WARN_UNUSED_VARIABLE = YES;
				IPHONEOS_DEPLOYMENT_TARGET = 11.4;
				MTL_ENABLE_DEBUG_INFO = NO;
				SDKROOT = iphoneos;
				SWIFT_COMPILATION_MODE = wholemodule;
				SWIFT_OPTIMIZATION_LEVEL = "-O";
				VALIDATE_PRODUCT = YES;
			};
			name = Release;
		};
		FE7012B220C6127400115C33 /* Debug */ = {
			isa = XCBuildConfiguration;
			buildSettings = {
				ASSETCATALOG_COMPILER_APPICON_NAME = AppIcon;
				CODE_SIGN_STYLE = Automatic;
				DEVELOPMENT_TEAM = SCGM66G6VH;
				INFOPLIST_FILE = Hello/Info.plist;
				LD_RUNPATH_SEARCH_PATHS = (
					"$(inherited)",
					"@executable_path/Frameworks",
				);
				PRODUCT_BUNDLE_IDENTIFIER = "Ethan-Schutzenhofer.Hello";
				PRODUCT_NAME = "$(TARGET_NAME)";
				SWIFT_VERSION = 4.0;
				TARGETED_DEVICE_FAMILY = "1,2";
			};
			name = Debug;
		};
		FE7012B320C6127400115C33 /* Release */ = {
			isa = XCBuildConfiguration;
			buildSettings = {
				ASSETCATALOG_COMPILER_APPICON_NAME = AppIcon;
				CODE_SIGN_STYLE = Automatic;
				DEVELOPMENT_TEAM = SCGM66G6VH;
				INFOPLIST_FILE = Hello/Info.plist;
				LD_RUNPATH_SEARCH_PATHS = (
					"$(inherited)",
					"@executable_path/Frameworks",
				);
				PRODUCT_BUNDLE_IDENTIFIER = "Ethan-Schutzenhofer.Hello";
				PRODUCT_NAME = "$(TARGET_NAME)";
				SWIFT_VERSION = 4.0;
				TARGETED_DEVICE_FAMILY = "1,2";
			};
			name = Release;
		};
		FE7012B520C6127400115C33 /* Debug */ = {
			isa = XCBuildConfiguration;
			buildSettings = {
				ALWAYS_EMBED_SWIFT_STANDARD_LIBRARIES = YES;
				BUNDLE_LOADER = "$(TEST_HOST)";
				CODE_SIGN_STYLE = Automatic;
				DEVELOPMENT_TEAM = SCGM66G6VH;
				INFOPLIST_FILE = HelloTests/Info.plist;
				LD_RUNPATH_SEARCH_PATHS = (
					"$(inherited)",
					"@executable_path/Frameworks",
					"@loader_path/Frameworks",
				);
				PRODUCT_BUNDLE_IDENTIFIER = "Ethan-Schutzenhofer.HelloTests";
				PRODUCT_NAME = "$(TARGET_NAME)";
				SWIFT_VERSION = 4.0;
				TARGETED_DEVICE_FAMILY = "1,2";
				TEST_HOST = "$(BUILT_PRODUCTS_DIR)/Hello.app/Hello";
			};
			name = Debug;
		};
		FE7012B620C6127400115C33 /* Release */ = {
			isa = XCBuildConfiguration;
			buildSettings = {
				ALWAYS_EMBED_SWIFT_STANDARD_LIBRARIES = YES;
				BUNDLE_LOADER = "$(TEST_HOST)";
				CODE_SIGN_STYLE = Automatic;
				DEVELOPMENT_TEAM = SCGM66G6VH;
				INFOPLIST_FILE = HelloTests/Info.plist;
				LD_RUNPATH_SEARCH_PATHS = (
					"$(inherited)",
					"@executable_path/Frameworks",
					"@loader_path/Frameworks",
				);
				PRODUCT_BUNDLE_IDENTIFIER = "Ethan-Schutzenhofer.HelloTests";
				PRODUCT_NAME = "$(TARGET_NAME)";
				SWIFT_VERSION = 4.0;
				TARGETED_DEVICE_FAMILY = "1,2";
				TEST_HOST = "$(BUILT_PRODUCTS_DIR)/Hello.app/Hello";
			};
			name = Release;
		};
		FE7012B820C6127400115C33 /* Debug */ = {
			isa = XCBuildConfiguration;
			buildSettings = {
				ALWAYS_EMBED_SWIFT_STANDARD_LIBRARIES = YES;
				CODE_SIGN_STYLE = Automatic;
				DEVELOPMENT_TEAM = SCGM66G6VH;
				INFOPLIST_FILE = HelloUITests/Info.plist;
				LD_RUNPATH_SEARCH_PATHS = (
					"$(inherited)",
					"@executable_path/Frameworks",
					"@loader_path/Frameworks",
				);
				PRODUCT_BUNDLE_IDENTIFIER = "Ethan-Schutzenhofer.HelloUITests";
				PRODUCT_NAME = "$(TARGET_NAME)";
				SWIFT_VERSION = 4.0;
				TARGETED_DEVICE_FAMILY = "1,2";
				TEST_TARGET_NAME = Hello;
			};
			name = Debug;
		};
		FE7012B920C6127400115C33 /* Release */ = {
			isa = XCBuildConfiguration;
			buildSettings = {
				ALWAYS_EMBED_SWIFT_STANDARD_LIBRARIES = YES;
				CODE_SIGN_STYLE = Automatic;
				DEVELOPMENT_TEAM = SCGM66G6VH;
				INFOPLIST_FILE = HelloUITests/Info.plist;
				LD_RUNPATH_SEARCH_PATHS = (
					"$(inherited)",
					"@executable_path/Frameworks",
					"@loader_path/Frameworks",
				);
				PRODUCT_BUNDLE_IDENTIFIER = "Ethan-Schutzenhofer.HelloUITests";
				PRODUCT_NAME = "$(TARGET_NAME)";
				SWIFT_VERSION = 4.0;
				TARGETED_DEVICE_FAMILY = "1,2";
				TEST_TARGET_NAME = Hello;
			};
			name = Release;
		};
/* End XCBuildConfiguration section */

/* Begin XCConfigurationList section */
		FE70128420C6127200115C33 /* Build configuration list for PBXProject "Hello" */ = {
			isa = XCConfigurationList;
			buildConfigurations = (
				FE7012AF20C6127400115C33 /* Debug */,
				FE7012B020C6127400115C33 /* Release */,
			);
			defaultConfigurationIsVisible = 0;
			defaultConfigurationName = Release;
		};
		FE7012B120C6127400115C33 /* Build configuration list for PBXNativeTarget "Hello" */ = {
			isa = XCConfigurationList;
			buildConfigurations = (
				FE7012B220C6127400115C33 /* Debug */,
				FE7012B320C6127400115C33 /* Release */,
			);
			defaultConfigurationIsVisible = 0;
			defaultConfigurationName = Release;
		};
		FE7012B420C6127400115C33 /* Build configuration list for PBXNativeTarget "HelloTests" */ = {
			isa = XCConfigurationList;
			buildConfigurations = (
				FE7012B520C6127400115C33 /* Debug */,
				FE7012B620C6127400115C33 /* Release */,
			);
			defaultConfigurationIsVisible = 0;
			defaultConfigurationName = Release;
		};
		FE7012B720C6127400115C33 /* Build configuration list for PBXNativeTarget "HelloUITests" */ = {
			isa = XCConfigurationList;
			buildConfigurations = (
				FE7012B820C6127400115C33 /* Debug */,
				FE7012B920C6127400115C33 /* Release */,
			);
			defaultConfigurationIsVisible = 0;
			defaultConfigurationName = Release;
		};
/* End XCConfigurationList section */
	};
	rootObject = FE70128120C6127200115C33 /* Project object */;
}
